<Solution>
  <Project Path="Assembly-CSharp.csproj" />
  <Project Path="Unity.Timeline.csproj" />
  <Project Path="Assembly-CSharp-Editor.csproj" />
  <Project Path="Unity.VisualScripting.Flow.csproj" />
  <Project Path="Unity.RenderPipelines.Universal.Runtime.csproj" />
  <Project Path="Unity.Timeline.Editor.csproj" />
  <Project Path="Unity.PlasticSCM.Editor.csproj" />
  <Project Path="Unity.Mathematics.csproj" />
  <Project Path="Unity.2D.Common.Path.Editor.csproj" />
  <Project Path="Unity.VisualScripting.Core.Editor.csproj" />
  <Project Path="Unity.2D.IK.Runtime.csproj" />
  <Project Path="UnityEditor.TestRunner.csproj" />
  <Project Path="Unity.TextMeshPro.Editor.csproj" />
  <Project Path="Unity.Recorder.Editor.csproj" />
  <Project Path="UnityEngine.TestRunner.csproj" />
  <Project Path="Unity.VisualScripting.Core.csproj" />
  <Project Path="Unity.VisualScripting.Flow.Editor.csproj" />
  <Project Path="Unity.Searcher.Editor.csproj" />
  <Project Path="Unity.Burst.csproj" />
  <Project Path="Boxophobic.Utils.Editor.csproj" />
  <Project Path="Unity.AI.Navigation.Editor.csproj" />
  <Project Path="Unity.Collections.csproj" />
  <Project Path="Cinemachine.csproj" />
  <Project Path="Unity.2D.Animation.Editor.csproj" />
  <Project Path="Unity.VisualStudio.Editor.csproj" />
  <Project Path="Unity.TestTools.CodeCoverage.Editor.OpenCover.Model.csproj" />
  <Project Path="Unity.Rider.Editor.csproj" />
  <Project Path="Unity.InternalAPIEditorBridge.001.csproj" />
  <Project Path="Unity.AI.Navigation.Editor.ConversionSystem.csproj" />
  <Project Path="Unity.VisualScripting.State.Editor.csproj" />
  <Project Path="com.unity.cinemachine.editor.csproj" />
  <Project Path="Unity.TestTools.CodeCoverage.Editor.csproj" />
  <Project Path="Unity.Burst.CodeGen.csproj" />
  <Project Path="FlatKit.Utils.Editor.csproj" />
  <Project Path="Unity.VisualScripting.State.csproj" />
  <Project Path="Unity.AI.Navigation.csproj" />
  <Project Path="Unity.TextMeshPro.csproj" />
  <Project Path="Unity.2D.Animation.Samples.Dependency.csproj" />
  <Project Path="Unity.Performance.Profile-Analyzer.Editor.csproj" />
  <Project Path="Unity.2D.Tilemap.Extras.Editor.csproj" />
  <Project Path="Unity.2D.Animation.Runtime.csproj" />
  <Project Path="Unity.VisualScripting.SettingsProvider.Editor.csproj" />
  <Project Path="Unity.VSCode.Editor.csproj" />
  <Project Path="Unity.2D.IK.Editor.csproj" />
  <Project Path="ExternAttributes.Editor.csproj" />
  <Project Path="Unity.InternalAPIEngineBridge.001.csproj" />
  <Project Path="Unity.Burst.Editor.csproj" />
  <Project Path="Unity.TestTools.CodeCoverage.Editor.OpenCover.Mono.Reflection.csproj" />
  <Project Path="Unity.2D.Common.Editor.csproj" />
  <Project Path="Unity.Sysroot.Linux_x86_64.csproj" />
  <Project Path="Unity.AI.Navigation.Updater.csproj" />
  <Project Path="Unity.2D.Animation.Samples.Editor.csproj" />
  <Project Path="Unity.Settings.Editor.csproj" />
  <Project Path="DOTweenPro.EditorScripts.csproj" />
  <Project Path="Unity.2D.Common.Runtime.csproj" />
  <Project Path="Unity.Recorder.csproj" />
  <Project Path="Boxophobic.Utils.Scripts.csproj" />
  <Project Path="Boxophobic.AtmosphericHeightFog.Runtime.csproj" />
  <Project Path="Unity.2D.Animation.Samples.Runtime.csproj" />
  <Project Path="Boxophobic.AtmosphericHeightFog.Editor.csproj" />
  <Project Path="Unity.Mathematics.Editor.csproj" />
  <Project Path="Unity.2D.Tilemap.Extras.csproj" />
  <Project Path="DOTween.Modules.csproj" />
  <Project Path="DOTweenPro.Scripts.csproj" />
  <Project Path="Unity.SysrootPackage.Editor.csproj" />
  <Project Path="Unity.VisualScripting.Shared.Editor.csproj" />
  <Project Path="Unity.Recorder.Base.csproj" />
  <Project Path="Core.csproj" />
  <Project Path="Unity.Toolchain.Win-x86_64-Linux-x86_64.csproj" />
  <Project Path="Unity.EditorCoroutines.Editor.csproj" />
  <Project Path="Unity.Collections.DocCodeSamples.csproj" />
  <Project Path="Unity.Collections.BurstCompatibilityGen.csproj" />
  <Project Path="Unity.CollabProxy.Editor.csproj" />
</Solution>
